{
  "name": "ahp-pairwise-survey",
  "version": "0.0.0",
  "lockfileVersion": 3,
  "requires": true,
  "packages": {
    "": {
      "name": "ahp-pairwise-survey",
      "version": "0.0.0",
      "private": true,
      "type": "module",
      "dependencies": {
        "react": "^18.3.1",
        "react-dom": "^18.3.1"
      },
      "devDependencies": {
        "@types/react": "^18.3.3",
        "@types/react-dom": "^18.3.0",
        "@vitejs/plugin-react": "^4.3.1",
        "typescript": "^5.4.5",
        "vite": "^5.3.1"
      }
    },
    "node_modules/@babel/parser": {
      "version": "7.24.7",
      "resolved": "https://registry.npmjs.org/@babel/parser/-/parser-7.24.7.tgz",
      "integrity": "sha512-k/9O6i9oT/kHztCrgweB2Yey3p/psa4LjrgVOk8unMPazuhdrDxt0PjIvIsbXT2dprtrANxK8wz1pC022LzVYA==",
      "dev": true,
      "license": "MIT",
      "engines": {
        "node": ">=6.0.0"
      }
    },
    "node_modules/@google/genai": {
      "version": "1.29.0",
      "resolved": "https://registry.npmjs.org/@google/genai/-/genai-1.29.0.tgz",
      "integrity": "sha512-M/U2QkQcE2MCMK5k/GzR8O1A9jH8D4sXv1kMllpW7I9t/lMprX2T72aF3eRT+j33uM02VbK+t9jXJg==",
      "license": "Apache-2.0"
    },
    "node_modules/@jridgewell/sourcemap-codec": {
      "version": "1.4.15",
      "resolved": "https://registry.npmjs.org/@jridgewell/sourcemap-codec/-/sourcemap-codec-1.4.15.tgz",
      "integrity": "sha512-eF2rxCRulEKXHTRiDrDy6erMYDqNw4vOftLn9KRYdWNqWciHo6OKK2VBJJ0rC7SGy3vV6MAbAmJqu1hLA7s42Q==",
      "dev": true,
      "license": "MIT"
    },
    "node_modules/@rollup/pluginutils": {
      "version": "5.1.0",
      "resolved": "https://registry.npmjs.org/@rollup/pluginutils/-/pluginutils-5.1.0.tgz",
      "integrity": "sha512-mcinRu2h4e+lK2yqPjwU2v+N80jH2x3b0/3s5Isw6eVEW5I3/bOo2lS5gUS0yd3o8w23IY3sNq7E4K1dKA+I/g==",
      "dev": true,
      "license": "MIT",
      "dependencies": {
        "estree-walker": "^2.0.2"
      },
      "engines": {
        "node": ">=14.0.0"
      },
      "peerDependencies": {
        "rollup": "^2.0.0||^3.0.0||^4.0.0"
      },
      "peerDependenciesMeta": {
        "rollup": {
          "optional": true
        }
      }
    },
    "node_modules/@swc/core": {
      "version": "1.6.5",
      "resolved": "https://registry.npmjs.org/@swc/core/-/core-1.6.5.tgz",
      "integrity": "sha512-6S33RVt3d2Q0P0o/3cSkN5hHkNSJClF2eGj1yQ8RPCSGCyYw+t1pA+0B2L52g1+rxt9kxbp2PqH6z+Cs9LZKqg==",
      "dev": true,
      "license": "Apache-2.0",
      "optional": true,
      "os": [
        "!linux"
      ],
      "engines": {
        "node": ">=16"
      }
    },
    "node_modules/@swc/core-linux-x64-gnu": {
      "version": "1.6.5",
      "resolved": "https://registry.npmjs.org/@swc/core-linux-x64-gnu/-/core-linux-x64-gnu-1.6.5.tgz",
      "integrity": "sha512-Y1W2JqP/5hY4LgAotCplwIia2Xg3eBkwXyqR8VzTf/7j2X2K3kG86zC/3P+x/Y2e6lYyQ2Yv5XGj+D/yR8r/g==",
      "cpu": [
        "x64"
      ],
      "dev": true,
      "license": "Apache-2.0",
      "optional": true,
      "os": [
        "linux"
      ]
    },
    "node_modules/@swc/core-win32-x64-msvc": {
      "version": "1.6.5",
      "resolved": "https://registry.npmjs.org/@swc/core-win32-x64-msvc/-/core-win32-x64-msvc-1.6.5.tgz",
      "integrity": "sha512-6W4Ww/dJGqg4o4jN+lqP3sP+39c/D1+i/k+3t45pWzVMb2o/LMNY5gK5bTfN99y+Lwo63nK0gSCtH72l2Q==",
      "cpu": [
        "x64"
      ],
      "dev": true,
      "license": "Apache-2.0",
      "optional": true,
      "os": [
        "win32"
      ]
    },
    "node_modules/@types/prop-types": {
      "version": "15.7.12",
      "resolved": "https://registry.npmjs.org/@types/prop-types/-/prop-types-15.7.12.tgz",
      "integrity": "sha512-5zvhXYS3icfNlvmqgAB7CFkC+eE2KVGBG3VVbeo22tT2gNzAUulqs6N/GF9tK8PzUW/tDVLacbC/c3jYS6z4ZA==",
      "dev": true,
      "license": "MIT"
    },
    "node_modules/@types/react": {
      "version": "18.3.3",
      "resolved": "https://registry.npmjs.org/@types/react/-/react-18.3.3.tgz",
      "integrity": "sha512-hti/R0pS0q1/xx+TsI73S6Sqv/VEoPwsY9W2B1FrSUGDs Rigl3gOkB6EODvy3ShpqqgYePjqXbL2ogSDPS2sw==",
      "dev": true,
      "license": "MIT",
      "dependencies": {
        "@types/prop-types": "*",
        "csstype": "^3.0.2"
      }
    },
    "node_modules/@types/react-dom": {
      "version": "18.3.0",
      "resolved": "https://registry.npmjs.org/@types/react-dom/-/react-dom-18.3.0.tgz",
      "integrity": "sha512-0pB2r2D3t40FvjXF02h2dG7Qtrna2G2mVpciy2lLwQEDFw5jS3V0c6qQp5n2K/tNp6GRm9s9n3kX1/b2yJv3g==",
      "dev": true,
      "license": "MIT",
      "dependencies": {
        "@types/react": "*"
      }
    },
    "node_modules/@vitejs/plugin-react": {
      "version": "4.3.1",
      "resolved": "https://registry.npmjs.org/@vitejs/plugin-react/-/plugin-react-4.3.1.tgz",
      "integrity": "sha512-s4uW3M7F/w+3N2jXpCqIq8P6AseK6/Pj9y4WwHCa2/N8/1yy2eCgP/vMVt2y9m2XqKzYt0f1wW/z2uI6SA==",
      "dev": true,
      "license": "MIT",
      "dependencies": {
        "@babel/parser": "^7.24.1",
        "@vitejs/plugin-react-swc": "^3.6.0"
      },
      "engines": {
        "node": ">=18"
      },
      "peerDependencies": {
        "vite": "^4.2.0 || ^5.0.0"
      }
    },
    "node_modules/@vitejs/plugin-react-swc": {
      "version": "3.7.0",
      "resolved": "https://registry.npmjs.org/@vitejs/plugin-react-swc/-/plugin-react-swc-3.7.0.tgz",
      "integrity": "sha512-fxtvL4jHl913i+K8f+8R8R+dKkUjS3qL71VvG/Acn9h2h/rYEvp2oPf29+N7c1mD/2FfC0jICp2t1w==",
      "dev": true,
      "license": "MIT",
      "optionalDependencies": {
        "@swc/core": "^1.4.17",
        "@swc/core-linux-x64-gnu": "^1.4.17",
        "@swc/core-win32-x64-msvc": "^1.4.17"
      },
      "peerDependencies": {
        "vite": ">=4.3.0"
      }
    },
    "node_modules/acorn": {
      "version": "8.12.0",
      "resolved": "https://registry.npmjs.org/acorn/-/acorn-8.12.0.tgz",
      "integrity": "sha512-QFS02NnF+CpUyb2ztlMoQ+bBKv5tL/41b2i2PAd2yG8N6bJzZb3Mbb+aET6MIe5NBk2qIcvuJc/7YhN79n2LgQ==",
      "dev": true,
      "license": "MIT",
      "bin": {
        "acorn": "bin/acorn"
      },
      "engines": {
        "node": ">=0.4.0"
      }
    },
    "node_modules/acorn-walk": {
      "version": "8.3.2",
      "resolved": "https://registry.npmjs.org/acorn-walk/-/acorn-walk-8.3.2.tgz",
      "integrity": "sha512-83rQfMV3e6g2NlFlI8ybi2kFR6d5n0t4aTFYR2g4fP7MptdIe5a3ZlicyQ/tUaRbB634pYJ5oQ1mN2kfg5QZGA==",
      "dev": true,
      "license": "MIT",
      "engines": {
        "node": ">=0.4.0"
      }
    },
    "node_modules/anymatch": {
      "version": "3.1.3",
      "resolved": "https://registry.npmjs.org/anymatch/-/anymatch-3.1.3.tgz",
      "integrity": "sha512-P43e8EBGPXkTubHTd/W31SSdBdsiVfPj8N+0rYSW91TuU+48zgoVyvCh1vWFLs9LRPZQS9rA7hcTCGGE3b0+vA==",
      "dev": true,
      "license": "ISC",
      "dependencies": {
        "normalize-path": "^3.0.0",
        "picomatch": "^2.0.4"
      },
      "engines": {
        "node": ">= 8"
      }
    },
    "node_modules/binary-extensions": {
      "version": "2.3.0",
      "resolved": "https://registry.npmjs.org/binary-extensions/-/binary-extensions-2.3.0.tgz",
      "integrity": "sha512-Q1YQOMkxtdlb3jpB8g0aPLhzn72bYy9R8OKlQx1nPEd7s5aaI8Lz7/yCweo3n8j2d/aII/uN1N9XlWf/4tY8Q==",
      "dev": true,
      "license": "MIT",
      "engines": {
        "node": ">=8"
      }
    },
    "node_modules/braces": {
      "version": "3.0.3",
      "resolved": "https://registry.npmjs.org/braces/-/braces-3.0.3.tgz",
      "integrity": "sha512-yQbXgO/OSZVD2IsiOBqIPm9b5TjBfN43f/i83b8A68K44Bf2MAb3x/13sGkG+9p9B+gK8Lks3boDCV55zT1/w==",
      "dev": true,
      "license": "MIT",
      "dependencies": {
        "fill-range": "^7.0.1"
      },
      "engines": {
        "node": ">=8"
      }
    },
    "node_modules/chokidar": {
      "version": "3.6.0",
      "resolved": "https://registry.npmjs.org/chokidar/-/chokidar-3.6.0.tgz",
      "integrity": "sha512-7VT13fmJBnLsVPz2IePjdY402i6K1aST6y1c2n9W55eAU2563CH3J2034o+4/gzaIe31L2eoQvMihE4/zSg3g==",
      "dev": true,
      "license": "MIT",
      "dependencies": {
        "anymatch": "~3.1.3",
        "braces": "~3.0.2",
        "glob-parent": "~5.1.2",
        "is-binary-path": "~2.1.0",
        "is-glob": "~4.0.3",
        "normalize-path": "~3.0.0",
        "readdirp": "~3.6.0"
      },
      "engines": {
        "node": ">= 8.10.0"
      },
      "funding": {
        "url": "https://opencollective.com/chokidar"
      },
      "optionalDependencies": {
        "fsevents": "~2.3.2"
      }
    },
    "node_modules/csstype": {
      "version": "3.1.3",
      "resolved": "https://registry.npmjs.org/csstype/-/csstype-3.1.3.tgz",
      "integrity": "sha512-M1uQkMl8rQK/szD0LNhtqxIPLmw9PlHanrxAm/PO8voaR2beA+rW8gMcCLY8PZEN6CSG4Snp1TifofYF6S3q4Q==",
      "dev": true,
      "license": "MIT"
    },
    "node_modules/es-module-lexer": {
      "version": "1.5.2",
      "resolved": "https://registry.npmjs.org/es-module-lexer/-/es-module-lexer-1.5.2.tgz",
      "integrity": "sha512-Y2uAnW2GZSxfrh3yFV8g/2N4XBY02J176D3brkU/6Ie5xZ7LTM06E2jFRbS+B94Y+KC0E21v8+h7w2sJ9wNhQ==",
      "dev": true,
      "license": "MIT"
    },
    "node_modules/estree-walker": {
      "version": "2.0.2",
      "resolved": "https://registry.npmjs.org/estree-walker/-/estree-walker-2.0.2.tgz",
      "integrity": "sha512-RfJ2w22fbDAaIC1TJGNs5gWBeA6u7Do1UeshjtnQHyf2T/kTBE9a9aM2iu242r2tItY20oI9T4XjM0QWbLgTpg==",
      "dev": true,
      "license": "MIT"
    },
    "node_modules/fill-range": {
      "version": "7.0.1",
      "resolved": "https://registry.npmjs.org/fill-range/-/fill-range-7.0.1.tgz",
      "integrity": "sha512-qOo9F+dMtkC+iCb/3h4tH+whx5AjoMvp1e17aWbb12TCByvchW7aw1CMrRCsalJI8EkNj5p2Ipadxj/xlpP2Dw==",
      "dev": true,
      "license": "MIT",
      "dependencies": {
        "to-regex-range": "^5.0.1"
      },
      "engines": {
        "node": ">=8"
      }
    },
    "node_modules/fsevents": {
      "version": "2.3.3",
      "resolved": "https://registry.npmjs.org/fsevents/-/fsevents-2.3.3.tgz",
      "integrity": "sha512-5XPJWn/lE4AQTgLnxqKjRk1m5GXfgnfG3I5vd5c3Rz5p2oOhSttKjD4vS34hf6IeA5TB4W2k/bou+XasXCDrA==",
      "dev": true,
      "license": "MIT",
      "hasInstallScript": true,
      "optional": true,
      "os": [
        "darwin"
      ],
      "engines": {
        "node": "^8.16.0 || ^10.6.0 || >=11.0.0"
      }
    },
    "node_modules/glob-parent": {
      "version": "5.1.2",
      "resolved": "https://registry.npmjs.org/glob-parent/-/glob-parent-5.1.2.tgz",
      "integrity": "sha512-AOIgSQCepiJYwP3ARGejW58agokNiiQ99hVGQKtrk3IHDTCsvyXDAblBSSkfbB6HVDTCag7IHrfWhEotdpXLPA==",
      "dev": true,
      "license": "ISC",
      "dependencies": {
        "is-glob": "^4.0.1"
      },
      "engines": {
        "node": ">= 6"
      }
    },
    "node_modules/immutable": {
      "version": "4.3.6",
      "resolved": "https://registry.npmjs.org/immutable/-/immutable-4.3.6.tgz",
      "integrity": "sha512-36CpB0wLCheoM5L7S2d5vj2kOoYb5O/21xAd2ExJbE0Anj2+0i22iSj26GD3k280b2OF4G2nQh2r8v1dzy72g==",
      "dev": true,
      "license": "MIT"
    },
    "node_modules/is-binary-path": {
      "version": "2.1.0",
      "resolved": "https://registry.npmjs.org/is-binary-path/-/is-binary-path-2.1.0.tgz",
      "integrity": "sha512-Zz/KzD9Me33eQvLCeXmU/o4V1f51h4n/j4aIkv8Y3GLs/fS+e4JcmYNGYx4b1Y7+21o1iF/oP5BAnl9M5NKA==",
      "dev": true,
      "license": "MIT",
      "dependencies": {
        "binary-extensions": "^2.0.0"
      },
      "engines": {
        "node": ">=8"
      }
    },
    "node_modules/is-extglob": {
      "version": "2.1.1",
      "resolved": "https://registry.npmjs.org/is-extglob/-/is-extglob-2.1.1.tgz",
      "integrity": "sha512-SbKbANkN603Vi4jTvfz+vNlhviTC5868pWrxUnb5exJUu0pEAY2AEeIsOfsOZdtoH5tLktLO6hQ7lVmIsyNb2A==",
      "dev": true,
      "license": "MIT",
      "engines": {
        "node": ">=0.10.0"
      }
    },
    "node_modules/is-glob": {
      "version": "4.0.3",
      "resolved": "https://registry.npmjs.org/is-glob/-/is-glob-4.0.3.tgz",
      "integrity": "sha512-xelSayIuTMAs90n8wz2iOin320crk/B/x7Tj2/vYNy/83y3fG3a/gGMcD8S2yFWf3mKYe2P2d280cO4i/Q9yA==",
      "dev": true,
      "license": "MIT",
      "dependencies": {
        "is-extglob": "^2.1.1"
      },
      "engines": {
        "node": ">=0.10.0"
      }
    },
    "node_modules/is-number": {
      "version": "7.0.0",
      "resolved": "https://registry.npmjs.org/is-number/-/is-number-7.0.0.tgz",
      "integrity": "sha512-41C191bZeylJKmwUtrdWe7G4+2F+K2UiE8aBr5ln4M4Edfkbvic7pDtWI0BfxJg2a4h5eKTSgsO8S5CR03pfOQ==",
      "dev": true,
      "license": "MIT",
      "engines": {
        "node": ">=0.12.0"
      }
    },
    "node_modules/js-tokens": {
      "version": "4.0.0",
      "resolved": "https://registry.npmjs.org/js-tokens/-/js-tokens-4.0.0.tgz",
      "integrity": "sha512-RdJUflcE3cUzKiMqQgsCu06FPu9UdIJO0beYbPhHN4k6apgJtifcoCtT9bcxOpYBtpD2kCM6Sbzg4CausW/PKQ==",
      "license": "MIT"
    },
    "node_modules/lightningcss": {
      "version": "1.25.1",
      "resolved": "https://registry.npmjs.org/lightningcss/-/lightningcss-1.25.1.tgz",
      "integrity": "sha512-y2+UUOFd0iQcX2z0G8y99yT7cRThEd2a2Lq12nO2E5W5Qrb3dIOl4Wf2aCXvV7AnmnJSk4s42Bq6yY3z6cWZA==",
      "dev": true,
      "hasInstallScript": true,
      "license": "MPL-2.0",
      "optionalDependencies": {
        "lightningcss-linux-x64-gnu": "1.25.1"
      }
    },
    "node_modules/lightningcss-linux-x64-gnu": {
      "version": "1.25.1",
      "resolved": "https://registry.npmjs.org/lightningcss-linux-x64-gnu/-/lightningcss-linux-x64-gnu-1.25.1.tgz",
      "integrity": "sha512-RzU+1Cg+C5P8I6lT2Xv9l6+X+5IeGfVj8KzzxS2yLrnM/gY2S5UT/qTKVx77FOCg6pM+4m5+wX2uYjYvV2fEw==",
      "cpu": [
        "x64"
      ],
      "dev": true,
      "license": "MPL-2.0",
      "optional": true,
      "os": [
        "linux"
      ]
    },
    "node_modules/loose-envify": {
      "version": "1.4.0",
      "resolved": "https://registry.npmjs.org/loose-envify/-/loose-envify-1.4.0.tgz",
      "integrity": "sha512-lyuxPGr/Wfhrlem2CL/UcnUc1zcqKAImBDzukY7Y5F/yQiag5zKDbA8ZMMMwloosb87/mIZy7ZGcqsCmVndsgw==",
      "license": "MIT",
      "dependencies": {
        "js-tokens": "^3.0.0 || ^4.0.0"
      },
      "bin": {
        "loose-envify": "cli.js"
      }
    },
    "node_modules/nanoid": {
      "version": "3.3.7",
      "resolved": "https://registry.npmjs.org/nanoid/-/nanoid-3.3.7.tgz",
      "integrity": "sha512-eSRppjcPIat8EXwGeS1dbOmI+wN2XNV/V2Xnp3tOjJOw35DDBr2usXOoQ/+IL3i2fPzPqku2JUSt1x24T1pZ2A==",
      "dev": true,
      "funding": [
        {
          "type": "github",
          "url": "https://github.com/sponsors/ai"
        }
      ],
      "license": "MIT",
      "bin": {
        "nanoid": "bin/nanoid.js"
      },
      "engines": {
        "node": "^10 || ^12 || ^13.7 || ^14 || >=15.0.1"
      }
    },
    "node_modules/normalize-path": {
      "version": "3.0.0",
      "resolved": "https://registry.npmjs.org/normalize-path/-/normalize-path-3.0.0.tgz",
      "integrity": "sha512-6ePaHxX6STL4FlJAlv6wBvBghb8bIMz1S4B2WpwkWIh0K2a5fHrqXAI5Pz0qm1dpMOgNf5zohp5l/u2AInParA==",
      "dev": true,
      "license": "MIT",
      "engines": {
        "node": ">=0.10.0"
      }
    },
    "node_modules/picocolors": {
      "version": "1.0.1",
      "resolved": "https://registry.npmjs.org/picocolors/-/picocolors-1.0.1.tgz",
      "integrity": "sha512-anQDJ0D0Qg8trK3Q2yvviH8C+wXqPCE8CV3MLu/i+x0oJUN7oO0betXMLw/RVRaQpQoBvBvuaKrevbzXgCQmYw==",
      "dev": true,
      "license": "ISC"
    },
    "node_modules/picomatch": {
      "version": "2.3.1",
      "resolved": "https://registry.npmjs.org/picomatch/-/picomatch-2.3.1.tgz",
      "integrity": "sha512-JU3teIHUiqqgZuU93sgjp8Kx2gofKz2aPkrx+l9b2wDa1T+m5c27Fkkx33e/G/S6gEX/xM5W9w0w/l7gH223g==",
      "dev": true,
      "license": "MIT",
      "engines": {
        "node": ">=8.6"
      },
      "funding": {
        "url": "https://github.com/sponsors/jonschlinkert"
      }
    },
    "node_modules/postcss": {
      "version": "8.4.38",
      "resolved": "https://registry.npmjs.org/postcss/-/postcss-8.4.38.tgz",
      "integrity": "sha512-oVVTMTL+bURT8Lk+JUBgwcCsr17fto/7N2A4/z5hZV/CBh3D8hF1M6G66JwyZW/1B39sNB4FGW/5QZOhwsIAg==",
      "dev": true,
      "funding": [
        {
          "type": "opencollective",
          "url": "https://opencollective.com/postcss/"
        },
        {
          "type": "tidelift",
          "url": "https://tidelift.com/funding/github/npm/postcss"
        },
        {
          "type": "github",
          "url": "https://github.com/sponsors/ai"
        }
      ],
      "license": "MIT",
      "dependencies": {
        "nanoid": "^3.3.7",
        "picocolors": "^1.0.0",
        "source-map-js": "^1.2.0"
      },
      "engines": {
        "node": "^10 || ^12 || >=14"
      }
    },
    "node_modules/react": {
      "version": "18.3.1",
      "resolved": "https://registry.npmjs.org/react/-/react-18.3.1.tgz",
      "integrity": "sha512-wS+hAgJShmbnCjBwDFMNCk4NpQe+hVbI4iI593385L/Y1hvrS/quu0Qzr2pCvB68QfEwHMyQy9ajO00s7grqHQ==",
      "license": "MIT",
      "dependencies": {
        "loose-envify": "^1.1.0"
      },
      "engines": {
        "node": ">=0.10.0"
      }
    },
    "node_modules/react-dom": {
      "version": "18.3.1",
      "resolved": "https://registry.npmjs.org/react-dom/-/react-dom-18.3.1.tgz",
      "integrity": "sha512-5m4nQKp+rZRb09LNH5gcEWa0p/33O8naLpe/GrIIg84V2Iu3aHQi2O/yN+sX1AseU028o3fN7Dk2DVpZfXgL+A==",
      "license": "MIT",
      "dependencies": {
        "loose-envify": "^1.1.0",
        "scheduler": "^0.23.2"
      },
      "peerDependencies": {
        "react": "^18.3.1"
      }
    },
    "node_modules/readdirp": {
      "version": "3.6.0",
      "resolved": "https://registry.npmjs.org/readdirp/-/readdirp-3.6.0.tgz",
      "integrity": "sha512-hOS089on8RduqdbwJGsLqOkIgqcCFBXW0KxBlue/iIqG1kh4cYQH4wSt3pvFp2jGgBw9wgoaB99c2Ep2naY9ZQ==",
      "dev": true,
      "license": "MIT",
      "dependencies": {
        "picomatch": "^2.2.1"
      },
      "engines": {
        "node": ">=8.10.0"
      }
    },
    "node_modules/rollup": {
      "version": "4.18.0",
      "resolved": "https://registry.npmjs.org/rollup/-/rollup-4.18.0.tgz",
      "integrity": "sha512-O210A8g+xIk6/yCgdoAASR+nJdGqg/xYnDB0dsrPL6yS2/71jIEjSmXj2k3u+Uhc5W+wL+s3pC5t15b1+uV2UA==",
      "dev": true,
      "license": "MIT",
      "bin": {
        "rollup": "dist/bin/rollup"
      },
      "engines": {
        "node": ">=18.0.0",
        "npm": ">=8.0.0"
      },
      "optionalDependencies": {
        "fsevents": "~2.3.2"
      }
    },
    "node_modules/scheduler": {
      "version": "0.23.2",
      "resolved": "https://registry.npmjs.org/scheduler/-/scheduler-0.23.2.tgz",
      "integrity": "sha512-EaCxDggTCeyQgrbMh3EUHRBAaMg5a16j58xJpRI/Hp4s3eTusQpD5dy1hEgIsbYk2l8x25x2MpBe1oPta5F1+g==",
      "license": "MIT",
      "dependencies": {
        "loose-envify": "^1.1.0"
      }
    },
    "node_modules/source-map-js": {
      "version": "1.2.0",
      "resolved": "https://registry.npmjs.org/source-map-js/-/source-map-js-1.2.0.tgz",
      "integrity": "sha512-itJW8lvSA0imC/3rEFSle3Y624/rW2hGvPZwvKADh7UGwD1fBv2gD5V5gODf/H24j9vJUy21oPboS2vPKV4eA==",
      "dev": true,
      "license": "BSD-3-Clause",
      "engines": {
        "node": ">=0.10.0"
      }
    },
    "node_modules/source-map-support": {
      "version": "0.5.21",
      "resolved": "https://registry.npmjs.org/source-map-support/-/source-map-support-0.5.21.tgz",
      "integrity": "sha512-uBHU3L3czsIyYXKX88fdrGovhTwdAqjeZZ2MYro9ozvXKTIIuLHqacjb6A7dDfS1nb29bp2dw2GXrg5wAmZi4Q==",
      "dev": true,
      "license": "MIT",
      "dependencies": {
        "buffer-from": "^1.0.0",
        "source-map": "^0.6.0"
      }
    },
    "node_modules/source-map-support/node_modules/buffer-from": {
      "version": "1.1.2",
      "resolved": "https://registry.npmjs.org/buffer-from/-/buffer-from-1.1.2.tgz",
      "integrity": "sha512-E+XQCRwSbaaiChtv6k6Dwgc+bx+Bs6kvMedg07Yv+llcBETCk2juPaXxEzCJwvClv+FpgaduzA/bAgedNYiOTw==",
      "dev": true,
      "license": "MIT"
    },
    "node_modules/source-map-support/node_modules/source-map": {
      "version": "0.6.1",
      "resolved": "https://registry.npmjs.org/source-map/-/source-map-0.6.1.tgz",
      "integrity": "sha512-UjgapumWlbMhkB3qabM3pCr66f3JUNSfkPndhtCro2sgdfapBzpaK0bNAVUTeDbkyCzaDvYdjrssybigMsTREG==",
      "dev": true,
      "license": "BSD-3-Clause",
      "engines": {
        "node": ">=0.10.0"
      }
    },
    "node_modules/to-regex-range": {
      "version": "5.0.1",
      "resolved": "https://registry.npmjs.org/to-regex-range/-/to-regex-range-5.0.1.tgz",
      "integrity": "sha512-652mF4fEHLOK5u+hCbtSjBEcV5fKcIe5/K3W8y9S6S9kfa3I8eVZxvJ2B+nAZ72E1krY99nFnTO72Pnoo29yFQ==",
      "dev": true,
      "license": "MIT",
      "dependencies": {
        "is-number": "^7.0.0"
      },
      "engines": {
        "node": ">=8.0"
      }
    },
    "node_modules/typescript": {
      "version": "5.4.5",
      "resolved": "https://registry.npmjs.org/typescript/-/typescript-5.4.5.tgz",
      "integrity": "sha512-lk8g0S4CF+i3k4IPgI/tsFwyK2VCyOwzY2vIMTMnr+TqNtkJfeq9bNe/s0s3cfYSoPAnQomV2I8kOa1w0bTjWw==",
      "dev": true,
      "license": "Apache-2.0",
      "bin": {
        "tsc": "bin/tsc",
        "tsserver": "bin/tsserver"
      },
      "engines": {
        "node": ">=14.17"
      }
    },
    "node_modules/vite": {
      "version": "5.3.1",
      "resolved": "https://registry.npmjs.org/vite/-/vite-5.3.1.tgz",
      "integrity": "sha512-S/K/KoBwM4eP7M3kPDK3L0cqcLwWfr3V6v91Zk1w/pU1QFnG3m1/w6dYv0v9U6q05c3YV2XN5u82aK+GCA==",
      "dev": true,
      "license": "MIT",
      "dependencies": {
        "es-module-lexer": "^1.5.1",
        "immutable": "^4.3.6",
        "lightningcss": "1.25.1",
        "picocolors": "^1.0.1",
        "postcss": "^8.4.38",
        "rollup": "^4.17.2"
      },
      "bin": {
        "vite": "bin/vite.js"
      },
      "engines": {
        "node": "^18.0.0 || >=20.0.0"
      },
      "funding": {
        "url": "https://github.com/sponsors/yyx990803"
      },
      "optionalDependencies": {
        "fsevents": "~2.3.3"
      },
      "peerDependencies": {
        "@types/node": ">=18.0.0",
        "less": "*",
        "sass": "*",
        "stylus": "*",
        "sugarss": "*",
        "terser": "^5.27.0",
        "typescript": ">=5"
      },
      "peerDependenciesMeta": {
        "@types/node": {
          "optional": true
        },
        "less": {
          "optional": true
        },
        "sass": {
          "optional": true
        },
        "stylus": {
          "optional": true
        },
        "sugarss": {
          "optional": true
        },
        "terser": {
          "optional": true
        },
        "typescript": {
          "optional": true
        }
      }
    }
  }
}
